// !$*UTF8*$!
{
	archiveVersion = 1;
	classes = {
	};
	objectVersion = 70;
	objects = {

/* Begin PBXBuildFile section */
		3F05FDE72F1C25D9003DFFDD /* TimeWidgetView.swift in Sources */ = {isa = PBXBuildFile; fileRef = 3F05FDE62F1C25D9003DFFDD /* TimeWidgetView.swift */; };
		3F05FDE92F1C3947003DFFDD /* WeatherWidgetView.swift in Sources */ = {isa = PBXBuildFile; fileRef = 3F05FDE82F1C3947003DFFDD /* WeatherWidgetView.swift */; };
		3F05FDEB2F1D55FD003DFFDD /* WeatherService.swift in Sources */ = {isa = PBXBuildFile; fileRef = 3F05FDEA2F1D55FD003DFFDD /* WeatherService.swift */; };
		3F05FDEF2F1D9F4B003DFFDD /* SonosWebSocketService.swift in Sources */ = {isa = PBXBuildFile; fileRef = 3F05FDEE2F1D9F4B003DFFDD /* SonosWebSocketService.swift */; };
		3F05FDF72F1EA220003DFFDD /* Station.swift in Sources */ = {isa = PBXBuildFile; fileRef = 3F05FDF62F1EA220003DFFDD /* Station.swift */; };
		3F05FDF92F1EA236003DFFDD /* StationsService.swift in Sources */ = {isa = PBXBuildFile; fileRef = 3F05FDF82F1EA236003DFFDD /* StationsService.swift */; };
		3F05FDFB2F1EA24C003DFFDD /* StationPickerView.swift in Sources */ = {isa = PBXBuildFile; fileRef = 3F05FDFA2F1EA24C003DFFDD /* StationPickerView.swift */; };
		3F84786F2F4ABA57002553A2 /* Theme.swift in Sources */ = {isa = PBXBuildFile; fileRef = 3F84786E2F4ABA57002553A2 /* Theme.swift */; };
		3F8478712F4ABE3D002553A2 /* ShareLinkParser.swift in Sources */ = {isa = PBXBuildFile; fileRef = 3F8478702F4ABE3D002553A2 /* ShareLinkParser.swift */; };
		3F8478802F4AC077002553A2 /* ShareExtension.appex in Embed Foundation Extensions */ = {isa = PBXBuildFile; fileRef = 3F8478762F4AC077002553A2 /* ShareExtension.appex */; settings = {ATTRIBUTES = (RemoveHeadersOnCopy, ); }; };
		3F8478B22F4ACA53002553A2 /* SpotifyService.swift in Sources */ = {isa = PBXBuildFile; fileRef = 3F8478B12F4ACA53002553A2 /* SpotifyService.swift */; };
		3F8478B42F4ACBBB002553A2 /* SonosUPnPService.swift in Sources */ = {isa = PBXBuildFile; fileRef = 3F8478B32F4ACBBB002553A2 /* SonosUPnPService.swift */; };
		3FA000012F500000003DFFDD /* SonosAuthService.swift in Sources */ = {isa = PBXBuildFile; fileRef = 3FA000002F500000003DFFDD /* SonosAuthService.swift */; };
		E80000012B0000000000001 /* HyggeDashApp.swift in Sources */ = {isa = PBXBuildFile; fileRef = E80000002B0000000000001 /* HyggeDashApp.swift */; };
		E80000012B0000000000002 /* ContentView.swift in Sources */ = {isa = PBXBuildFile; fileRef = E80000002B0000000000002 /* ContentView.swift */; };
		E80000012B0000000000003 /* Assets.xcassets in Resources */ = {isa = PBXBuildFile; fileRef = E80000002B0000000000003 /* Assets.xcassets */; };
		E80000012B0000000000004 /* Preview Assets.xcassets in Resources */ = {isa = PBXBuildFile; fileRef = E80000002B0000000000004 /* Preview Assets.xcassets */; };
		E80000012B0000000000005 /* Quote.swift in Sources */ = {isa = PBXBuildFile; fileRef = E80000002B0000000000005 /* Quote.swift */; };
		E80000012B0000000000006 /* SonosCommand.swift in Sources */ = {isa = PBXBuildFile; fileRef = E80000002B0000000000006 /* SonosCommand.swift */; };
		E80000012B0000000000007 /* HomeKitManager.swift in Sources */ = {isa = PBXBuildFile; fileRef = E80000002B0000000000007 /* HomeKitManager.swift */; };
		E80000012B0000000000008 /* SonosService.swift in Sources */ = {isa = PBXBuildFile; fileRef = E80000002B0000000000008 /* SonosService.swift */; };
		E80000012B0000000000009 /* QuotesService.swift in Sources */ = {isa = PBXBuildFile; fileRef = E80000002B0000000000009 /* QuotesService.swift */; };
		E80000012B0000000000010 /* HomeKitView.swift in Sources */ = {isa = PBXBuildFile; fileRef = E80000002B0000000000010 /* HomeKitView.swift */; };
		E80000012B0000000000011 /* QuotesView.swift in Sources */ = {isa = PBXBuildFile; fileRef = E80000002B0000000000011 /* QuotesView.swift */; };
		E80000012B0000000000012 /* MediaControlView.swift in Sources */ = {isa = PBXBuildFile; fileRef = E80000002B0000000000012 /* MediaControlView.swift */; };
		E80000012B0000000000013 /* SettingsView.swift in Sources */ = {isa = PBXBuildFile; fileRef = E80000002B0000000000013 /* SettingsView.swift */; };
/* End PBXBuildFile section */

/* Begin PBXContainerItemProxy section */
		3F84787E2F4AC077002553A2 /* PBXContainerItemProxy */ = {
			isa = PBXContainerItemProxy;
			containerPortal = E80000007B0000000000001 /* Project object */;
			proxyType = 1;
			remoteGlobalIDString = 3F8478752F4AC077002553A2;
			remoteInfo = ShareExtension;
		};
/* End PBXContainerItemProxy section */

/* Begin PBXCopyFilesBuildPhase section */
		3F8478852F4AC077002553A2 /* Embed Foundation Extensions */ = {
			isa = PBXCopyFilesBuildPhase;
			buildActionMask = 2147483647;
			dstPath = "";
			dstSubfolderSpec = 13;
			files = (
				3F8478802F4AC077002553A2 /* ShareExtension.appex in Embed Foundation Extensions */,
			);
			name = "Embed Foundation Extensions";
			runOnlyForDeploymentPostprocessing = 0;
		};
/* End PBXCopyFilesBuildPhase section */

/* Begin PBXFileReference section */
		3F05FDE62F1C25D9003DFFDD /* TimeWidgetView.swift */ = {isa = PBXFileReference; lastKnownFileType = sourcecode.swift; path = TimeWidgetView.swift; sourceTree = "<group>"; };
		3F05FDE82F1C3947003DFFDD /* WeatherWidgetView.swift */ = {isa = PBXFileReference; lastKnownFileType = sourcecode.swift; path = WeatherWidgetView.swift; sourceTree = "<group>"; };
		3F05FDEA2F1D55FD003DFFDD /* WeatherService.swift */ = {isa = PBXFileReference; lastKnownFileType = sourcecode.swift; path = WeatherService.swift; sourceTree = "<group>"; };
		3F05FDEE2F1D9F4B003DFFDD /* SonosWebSocketService.swift */ = {isa = PBXFileReference; lastKnownFileType = sourcecode.swift; path = SonosWebSocketService.swift; sourceTree = "<group>"; };
		3F05FDF62F1EA220003DFFDD /* Station.swift */ = {isa = PBXFileReference; lastKnownFileType = sourcecode.swift; path = Station.swift; sourceTree = "<group>"; };
		3F05FDF82F1EA236003DFFDD /* StationsService.swift */ = {isa = PBXFileReference; lastKnownFileType = sourcecode.swift; path = StationsService.swift; sourceTree = "<group>"; };
		3F05FDFA2F1EA24C003DFFDD /* StationPickerView.swift */ = {isa = PBXFileReference; lastKnownFileType = sourcecode.swift; path = StationPickerView.swift; sourceTree = "<group>"; };
		3F8478682F4A7989002553A2 /* Config.xcconfig */ = {isa = PBXFileReference; lastKnownFileType = text.xcconfig; path = Config.xcconfig; sourceTree = "<group>"; };
		3F84786E2F4ABA57002553A2 /* Theme.swift */ = {isa = PBXFileReference; lastKnownFileType = sourcecode.swift; path = Theme.swift; sourceTree = "<group>"; };
		3F8478702F4ABE3D002553A2 /* ShareLinkParser.swift */ = {isa = PBXFileReference; lastKnownFileType = sourcecode.swift; path = ShareLinkParser.swift; sourceTree = "<group>"; };
		3F8478762F4AC077002553A2 /* ShareExtension.appex */ = {isa = PBXFileReference; explicitFileType = "wrapper.app-extension"; includeInIndex = 0; path = ShareExtension.appex; sourceTree = BUILT_PRODUCTS_DIR; };
		3F8478B12F4ACA53002553A2 /* SpotifyService.swift */ = {isa = PBXFileReference; lastKnownFileType = sourcecode.swift; path = SpotifyService.swift; sourceTree = "<group>"; };
		3F8478B32F4ACBBB002553A2 /* SonosUPnPService.swift */ = {isa = PBXFileReference; lastKnownFileType = sourcecode.swift; path = SonosUPnPService.swift; sourceTree = "<group>"; };
		3FA000002F500000003DFFDD /* SonosAuthService.swift */ = {isa = PBXFileReference; lastKnownFileType = sourcecode.swift; path = SonosAuthService.swift; sourceTree = "<group>"; };
		E80000002B0000000000000 /* HyggeDash.app */ = {isa = PBXFileReference; explicitFileType = wrapper.application; includeInIndex = 0; path = HyggeDash.app; sourceTree = BUILT_PRODUCTS_DIR; };
		E80000002B0000000000001 /* HyggeDashApp.swift */ = {isa = PBXFileReference; lastKnownFileType = sourcecode.swift; path = HyggeDashApp.swift; sourceTree = "<group>"; };
		E80000002B0000000000002 /* ContentView.swift */ = {isa = PBXFileReference; lastKnownFileType = sourcecode.swift; path = ContentView.swift; sourceTree = "<group>"; };
		E80000002B0000000000003 /* Assets.xcassets */ = {isa = PBXFileReference; lastKnownFileType = folder.assetcatalog; path = Assets.xcassets; sourceTree = "<group>"; };
		E80000002B0000000000004 /* Preview Assets.xcassets */ = {isa = PBXFileReference; lastKnownFileType = folder.assetcatalog; path = "Preview Assets.xcassets"; sourceTree = "<group>"; };
		E80000002B0000000000005 /* Quote.swift */ = {isa = PBXFileReference; lastKnownFileType = sourcecode.swift; path = Quote.swift; sourceTree = "<group>"; };
		E80000002B0000000000006 /* SonosCommand.swift */ = {isa = PBXFileReference; lastKnownFileType = sourcecode.swift; path = SonosCommand.swift; sourceTree = "<group>"; };
		E80000002B0000000000007 /* HomeKitManager.swift */ = {isa = PBXFileReference; lastKnownFileType = sourcecode.swift; path = HomeKitManager.swift; sourceTree = "<group>"; };
		E80000002B0000000000008 /* SonosService.swift */ = {isa = PBXFileReference; lastKnownFileType = sourcecode.swift; path = SonosService.swift; sourceTree = "<group>"; };
		E80000002B0000000000009 /* QuotesService.swift */ = {isa = PBXFileReference; lastKnownFileType = sourcecode.swift; path = QuotesService.swift; sourceTree = "<group>"; };
		E80000002B0000000000010 /* HomeKitView.swift */ = {isa = PBXFileReference; lastKnownFileType = sourcecode.swift; path = HomeKitView.swift; sourceTree = "<group>"; };
		E80000002B0000000000011 /* QuotesView.swift */ = {isa = PBXFileReference; lastKnownFileType = sourcecode.swift; path = QuotesView.swift; sourceTree = "<group>"; };
		E80000002B0000000000012 /* MediaControlView.swift */ = {isa = PBXFileReference; lastKnownFileType = sourcecode.swift; path = MediaControlView.swift; sourceTree = "<group>"; };
		E80000002B0000000000013 /* SettingsView.swift */ = {isa = PBXFileReference; lastKnownFileType = sourcecode.swift; path = SettingsView.swift; sourceTree = "<group>"; };
		E80000002B0000000000014 /* Info.plist */ = {isa = PBXFileReference; lastKnownFileType = text.plist.xml; path = Info.plist; sourceTree = "<group>"; };
		E80000002B0000000000015 /* HyggeDash.entitlements */ = {isa = PBXFileReference; lastKnownFileType = text.plist.entitlements; path = HyggeDash.entitlements; sourceTree = "<group>"; };
/* End PBXFileReference section */

/* Begin PBXFileSystemSynchronizedBuildFileExceptionSet section */
		3F8478902F4AC077002553A2 /* PBXFileSystemSynchronizedBuildFileExceptionSet */ = {
			isa = PBXFileSystemSynchronizedBuildFileExceptionSet;
			membershipExceptions = (
				Info.plist,
			);
			target = 3F8478752F4AC077002553A2 /* ShareExtension */;
		};
/* End PBXFileSystemSynchronizedBuildFileExceptionSet section */

/* Begin PBXFileSystemSynchronizedRootGroup section */
		3F8478772F4AC077002553A2 /* ShareExtension */ = {isa = PBXFileSystemSynchronizedRootGroup; exceptions = (3F8478902F4AC077002553A2 /* PBXFileSystemSynchronizedBuildFileExceptionSet */, ); explicitFileTypes = {}; explicitFolders = (); path = ShareExtension; sourceTree = "<group>"; };
/* End PBXFileSystemSynchronizedRootGroup section */

/* Begin PBXFrameworksBuildPhase section */
		3F8478732F4AC077002553A2 /* Frameworks */ = {
			isa = PBXFrameworksBuildPhase;
			buildActionMask = 2147483647;
			files = (
			);
			runOnlyForDeploymentPostprocessing = 0;
		};
		E80000003B0000000000001 /* Frameworks */ = {
			isa = PBXFrameworksBuildPhase;
			buildActionMask = 2147483647;
			files = (
			);
			runOnlyForDeploymentPostprocessing = 0;
		};
/* End PBXFrameworksBuildPhase section */

/* Begin PBXGroup section */
		E80000004B0000000000001 = {
			isa = PBXGroup;
			children = (
				E80000004B0000000000002 /* HyggeDash */,
				3F8478772F4AC077002553A2 /* ShareExtension */,
				E80000004B0000000000003 /* Products */,
				3F84786E2F4ABA57002553A2 /* Theme.swift */,
				3F8478702F4ABE3D002553A2 /* ShareLinkParser.swift */,
			);
			sourceTree = "<group>";
		};
		E80000004B0000000000002 /* HyggeDash */ = {
			isa = PBXGroup;
			children = (
				E80000002B0000000000001 /* HyggeDashApp.swift */,
				E80000002B0000000000002 /* ContentView.swift */,
				E80000004B0000000000004 /* Models */,
				E80000004B0000000000005 /* Views */,
				E80000004B0000000000006 /* Services */,
				E80000002B0000000000003 /* Assets.xcassets */,
				E80000002B0000000000014 /* Info.plist */,
				3F8478682F4A7989002553A2 /* Config.xcconfig */,
				E80000002B0000000000015 /* HyggeDash.entitlements */,
				E80000004B0000000000007 /* Preview Content */,
				3F05FDE62F1C25D9003DFFDD /* TimeWidgetView.swift */,
			);
			path = HyggeDash;
			sourceTree = "<group>";
		};
		E80000004B0000000000003 /* Products */ = {
			isa = PBXGroup;
			children = (
				E80000002B0000000000000 /* HyggeDash.app */,
				3F8478762F4AC077002553A2 /* ShareExtension.appex */,
			);
			name = Products;
			sourceTree = "<group>";
		};
		E80000004B0000000000004 /* Models */ = {
			isa = PBXGroup;
			children = (
				3F05FDF62F1EA220003DFFDD /* Station.swift */,
				E80000002B0000000000005 /* Quote.swift */,
				E80000002B0000000000006 /* SonosCommand.swift */,
			);
			path = Models;
			sourceTree = "<group>";
		};
		E80000004B0000000000005 /* Views */ = {
			isa = PBXGroup;
			children = (
				3F05FDFA2F1EA24C003DFFDD /* StationPickerView.swift */,
				E80000002B0000000000010 /* HomeKitView.swift */,
				E80000002B0000000000011 /* QuotesView.swift */,
				E80000002B0000000000012 /* MediaControlView.swift */,
				E80000002B0000000000013 /* SettingsView.swift */,
				3F05FDEA2F1D55FD003DFFDD /* WeatherService.swift */,
			);
			path = Views;
			sourceTree = "<group>";
		};
		E80000004B0000000000006 /* Services */ = {
			isa = PBXGroup;
			children = (
				3FA000002F500000003DFFDD /* SonosAuthService.swift */,
				3F05FDF82F1EA236003DFFDD /* StationsService.swift */,
				3F05FDEE2F1D9F4B003DFFDD /* SonosWebSocketService.swift */,
				E80000002B0000000000007 /* HomeKitManager.swift */,
				E80000002B0000000000008 /* SonosService.swift */,
				E80000002B0000000000009 /* QuotesService.swift */,
				3F05FDE82F1C3947003DFFDD /* WeatherWidgetView.swift */,
				3F8478B12F4ACA53002553A2 /* SpotifyService.swift */,
				3F8478B32F4ACBBB002553A2 /* SonosUPnPService.swift */,
			);
			path = Services;
			sourceTree = "<group>";
		};
		E80000004B0000000000007 /* Preview Content */ = {
			isa = PBXGroup;
			children = (
				E80000002B0000000000004 /* Preview Assets.xcassets */,
			);
			path = "Preview Content";
			sourceTree = "<group>";
		};
/* End PBXGroup section */

/* Begin PBXNativeTarget section */
		3F8478752F4AC077002553A2 /* ShareExtension */ = {
			isa = PBXNativeTarget;
			buildConfigurationList = 3F8478822F4AC077002553A2 /* Build configuration list for PBXNativeTarget "ShareExtension" */;
			buildPhases = (
				3F8478722F4AC077002553A2 /* Sources */,
				3F8478732F4AC077002553A2 /* Frameworks */,
				3F8478742F4AC077002553A2 /* Resources */,
			);
			buildRules = (
			);
			dependencies = (
			);
			fileSystemSynchronizedGroups = (
				3F8478772F4AC077002553A2 /* ShareExtension */,
			);
			name = ShareExtension;
			packageProductDependencies = (
			);
			productName = ShareExtension;
			productReference = 3F8478762F4AC077002553A2 /* ShareExtension.appex */;
			productType = "com.apple.product-type.app-extension";
		};
		E80000005B0000000000001 /* HyggeDash */ = {
			isa = PBXNativeTarget;
			buildConfigurationList = E80000006B0000000000003 /* Build configuration list for PBXNativeTarget "HyggeDash" */;
			buildPhases = (
				E80000005B0000000000002 /* Sources */,
				E80000003B0000000000001 /* Frameworks */,
				E80000005B0000000000003 /* Resources */,
				3F8478852F4AC077002553A2 /* Embed Foundation Extensions */,
			);
			buildRules = (
			);
			dependencies = (
				3F84787F2F4AC077002553A2 /* PBXTargetDependency */,
			);
			name = HyggeDash;
			productName = HyggeDash;
			productReference = E80000002B0000000000000 /* HyggeDash.app */;
			productType = "com.apple.product-type.application";
		};
/* End PBXNativeTarget section */

/* Begin PBXProject section */
		E80000007B0000000000001 /* Project object */ = {
			isa = PBXProject;
			attributes = {
				BuildIndependentTargetsInParallel = 1;
				LastSwiftUpdateCheck = 2620;
				LastUpgradeCheck = 2620;
				TargetAttributes = {
					3F8478752F4AC077002553A2 = {
						CreatedOnToolsVersion = 26.2;
						LastSwiftMigration = 2620;
					};
					E80000005B0000000000001 = {
						CreatedOnToolsVersion = 15.0;
					};
				};
			};
			buildConfigurationList = E80000006B0000000000001 /* Build configuration list for PBXProject "HyggeDash" */;
			compatibilityVersion = "Xcode 14.0";
			developmentRegion = en;
			hasScannedForEncodings = 0;
			knownRegions = (
				en,
				Base,
			);
			mainGroup = E80000004B0000000000001;
			productRefGroup = E80000004B0000000000003 /* Products */;
			projectDirPath = "";
			projectRoot = "";
			targets = (
				E80000005B0000000000001 /* HyggeDash */,
				3F8478752F4AC077002553A2 /* ShareExtension */,
			);
		};
/* End PBXProject section */

/* Begin PBXResourcesBuildPhase section */
		3F8478742F4AC077002553A2 /* Resources */ = {
			isa = PBXResourcesBuildPhase;
			buildActionMask = 2147483647;
			files = (
			);
			runOnlyForDeploymentPostprocessing = 0;
		};
		E80000005B0000000000003 /* Resources */ = {
			isa = PBXResourcesBuildPhase;
			buildActionMask = 2147483647;
			files = (
				E80000012B0000000000004 /* Preview Assets.xcassets in Resources */,
				E80000012B0000000000003 /* Assets.xcassets in Resources */,
			);
			runOnlyForDeploymentPostprocessing = 0;
		};
/* End PBXResourcesBuildPhase section */

/* Begin PBXSourcesBuildPhase section */
		3F8478722F4AC077002553A2 /* Sources */ = {
			isa = PBXSourcesBuildPhase;
			buildActionMask = 2147483647;
			files = (
			);
			runOnlyForDeploymentPostprocessing = 0;
		};
		E80000005B0000000000002 /* Sources */ = {
			isa = PBXSourcesBuildPhase;
			buildActionMask = 2147483647;
			files = (
				3F05FDE92F1C3947003DFFDD /* WeatherWidgetView.swift in Sources */,
				E80000012B0000000000002 /* ContentView.swift in Sources */,
				3F05FDE72F1C25D9003DFFDD /* TimeWidgetView.swift in Sources */,
				E80000012B0000000000001 /* HyggeDashApp.swift in Sources */,
				3F8478B22F4ACA53002553A2 /* SpotifyService.swift in Sources */,
				3F8478B42F4ACBBB002553A2 /* SonosUPnPService.swift in Sources */,
				3F8478712F4ABE3D002553A2 /* ShareLinkParser.swift in Sources */,
				E80000012B0000000000005 /* Quote.swift in Sources */,
				3F84786F2F4ABA57002553A2 /* Theme.swift in Sources */,
				E80000012B0000000000006 /* SonosCommand.swift in Sources */,
				3F05FDEB2F1D55FD003DFFDD /* WeatherService.swift in Sources */,
				3F05FDF92F1EA236003DFFDD /* StationsService.swift in Sources */,
				E80000012B0000000000007 /* HomeKitManager.swift in Sources */,
				3F05FDFB2F1EA24C003DFFDD /* StationPickerView.swift in Sources */,
				3F05FDEF2F1D9F4B003DFFDD /* SonosWebSocketService.swift in Sources */,
				E80000012B0000000000008 /* SonosService.swift in Sources */,
				3F05FDF72F1EA220003DFFDD /* Station.swift in Sources */,
				E80000012B0000000000009 /* QuotesService.swift in Sources */,
				E80000012B0000000000010 /* HomeKitView.swift in Sources */,
				E80000012B0000000000011 /* QuotesView.swift in Sources */,
				E80000012B0000000000012 /* MediaControlView.swift in Sources */,
				E80000012B0000000000013 /* SettingsView.swift in Sources */,
				3FA000012F500000003DFFDD /* SonosAuthService.swift in Sources */,
			);
			runOnlyForDeploymentPostprocessing = 0;
		};
/* End PBXSourcesBuildPhase section */

/* Begin PBXTargetDependency section */
		3F84787F2F4AC077002553A2 /* PBXTargetDependency */ = {
			isa = PBXTargetDependency;
			target = 3F8478752F4AC077002553A2 /* ShareExtension */;
			targetProxy = 3F84787E2F4AC077002553A2 /* PBXContainerItemProxy */;
		};
/* End PBXTargetDependency section */

/* Begin XCBuildConfiguration section */
		3F8478832F4AC077002553A2 /* Debug */ = {
			isa = XCBuildConfiguration;
			buildSettings = {
				CLANG_ENABLE_MODULES = YES;
				CODE_SIGN_ENTITLEMENTS = ShareExtension/ShareExtension.entitlements;
				CODE_SIGN_STYLE = Automatic;
				CURRENT_PROJECT_VERSION = 1;
				DEVELOPMENT_TEAM = T797L7ZU53;
				GENERATE_INFOPLIST_FILE = NO;
				INFOPLIST_FILE = ShareExtension/Info.plist;
				IPHONEOS_DEPLOYMENT_TARGET = 26.2;
				LD_RUNPATH_SEARCH_PATHS = (
					"$(inherited)",
					"@executable_path/Frameworks",
					"@executable_path/../../Frameworks",
				);
				MARKETING_VERSION = 1.0;
				PRODUCT_BUNDLE_IDENTIFIER = com.hyggedash.app.ShareExtension;
				PRODUCT_NAME = "$(TARGET_NAME)";
				SKIP_INSTALL = YES;
				STRING_CATALOG_GENERATE_SYMBOLS = YES;
				SWIFT_APPROACHABLE_CONCURRENCY = YES;
				SWIFT_EMIT_LOC_STRINGS = YES;
				SWIFT_OPTIMIZATION_LEVEL = "-Onone";
				SWIFT_UPCOMING_FEATURE_MEMBER_IMPORT_VISIBILITY = YES;
				SWIFT_VERSION = 5.0;
				TARGETED_DEVICE_FAMILY = "1,2";
			};
			name = Debug;
		};
		3F8478842F4AC077002553A2 /* Release */ = {
			isa = XCBuildConfiguration;
			buildSettings = {
				CLANG_ENABLE_MODULES = YES;
				CODE_SIGN_ENTITLEMENTS = ShareExtension/ShareExtension.entitlements;
				CODE_SIGN_STYLE = Automatic;
				CURRENT_PROJECT_VERSION = 1;
				DEVELOPMENT_TEAM = T797L7ZU53;
				GENERATE_INFOPLIST_FILE = NO;
				INFOPLIST_FILE = ShareExtension/Info.plist;
				IPHONEOS_DEPLOYMENT_TARGET = 26.2;
				LD_RUNPATH_SEARCH_PATHS = (
					"$(inherited)",
					"@executable_path/Frameworks",
					"@executable_path/../../Frameworks",
				);
				MARKETING_VERSION = 1.0;
				PRODUCT_BUNDLE_IDENTIFIER = com.hyggedash.app.ShareExtension;
				PRODUCT_NAME = "$(TARGET_NAME)";
				SKIP_INSTALL = YES;
				STRING_CATALOG_GENERATE_SYMBOLS = YES;
				SWIFT_APPROACHABLE_CONCURRENCY = YES;
				SWIFT_EMIT_LOC_STRINGS = YES;
				SWIFT_UPCOMING_FEATURE_MEMBER_IMPORT_VISIBILITY = YES;
				SWIFT_VERSION = 5.0;
				TARGETED_DEVICE_FAMILY = "1,2";
			};
			name = Release;
		};
		E80000006B0000000000002 /* Debug */ = {
			isa = XCBuildConfiguration;
			baseConfigurationReference = 3F8478682F4A7989002553A2 /* Config.xcconfig */;
			buildSettings = {
				ALWAYS_SEARCH_USER_PATHS = NO;
				ASSETCATALOG_COMPILER_GENERATE_SWIFT_ASSET_SYMBOL_EXTENSIONS = YES;
				CLANG_ANALYZER_NONNULL = YES;
				CLANG_ANALYZER_NUMBER_OBJECT_CONVERSION = YES_AGGRESSIVE;
				CLANG_CXX_LANGUAGE_STANDARD = "gnu++20";
				CLANG_ENABLE_MODULES = YES;
				CLANG_ENABLE_OBJC_ARC = YES;
				CLANG_ENABLE_OBJC_WEAK = YES;
				CLANG_WARN_BLOCK_CAPTURE_AUTORELEASING = YES;
				CLANG_WARN_BOOL_CONVERSION = YES;
				CLANG_WARN_COMMA = YES;
				CLANG_WARN_CONSTANT_CONVERSION = YES;
				CLANG_WARN_DEPRECATED_OBJC_IMPLEMENTATIONS = YES;
				CLANG_WARN_DIRECT_OBJC_ISA_USAGE = YES_ERROR;
				CLANG_WARN_DOCUMENTATION_COMMENTS = YES;
				CLANG_WARN_EMPTY_BODY = YES;
				CLANG_WARN_ENUM_CONVERSION = YES;
				CLANG_WARN_INFINITE_RECURSION = YES;
				CLANG_WARN_INT_CONVERSION = YES;
				CLANG_WARN_NON_LITERAL_NULL_CONVERSION = YES;
				CLANG_WARN_OBJC_IMPLICIT_RETAIN_SELF = YES;
				CLANG_WARN_OBJC_LITERAL_CONVERSION = YES;
				CLANG_WARN_OBJC_ROOT_CLASS = YES_ERROR;
				CLANG_WARN_QUOTED_INCLUDE_IN_FRAMEWORK_HEADER = YES;
				CLANG_WARN_RANGE_LOOP_ANALYSIS = YES;
				CLANG_WARN_STRICT_PROTOTYPES = YES;
				CLANG_WARN_SUSPICIOUS_MOVE = YES;
				CLANG_WARN_UNGUARDED_AVAILABILITY = YES_AGGRESSIVE;
				CLANG_WARN_UNREACHABLE_CODE = YES;
				CLANG_WARN__DUPLICATE_METHOD_MATCH = YES;
				COPY_PHASE_STRIP = NO;
				DEBUG_INFORMATION_FORMAT = dwarf;
				DEVELOPMENT_TEAM = T797L7ZU53;
				ENABLE_STRICT_OBJC_MSGSEND = YES;
				ENABLE_TESTABILITY = YES;
				ENABLE_USER_SCRIPT_SANDBOXING = YES;
				GCC_C_LANGUAGE_STANDARD = gnu17;
				GCC_DYNAMIC_NO_PIC = NO;
				GCC_NO_COMMON_BLOCKS = YES;
				GCC_OPTIMIZATION_LEVEL = 0;
				GCC_PREPROCESSOR_DEFINITIONS = (
					"DEBUG=1",
					"$(inherited)",
				);
				GCC_WARN_64_TO_32_BIT_CONVERSION = YES;
				GCC_WARN_ABOUT_RETURN_TYPE = YES_ERROR;
				GCC_WARN_UNDECLARED_SELECTOR = YES;
				GCC_WARN_UNINITIALIZED_AUTOS = YES_AGGRESSIVE;
				GCC_WARN_UNUSED_FUNCTION = YES;
				GCC_WARN_UNUSED_VARIABLE = YES;
				IPHONEOS_DEPLOYMENT_TARGET = 17.0;
				LOCALIZATION_PREFERS_STRING_CATALOGS = YES;
				MTL_ENABLE_DEBUG_INFO = INCLUDE_SOURCE;
				MTL_FAST_MATH = YES;
				ONLY_ACTIVE_ARCH = YES;
				SDKROOT = iphoneos;
				STRING_CATALOG_GENERATE_SYMBOLS = YES;
				SWIFT_ACTIVE_COMPILATION_CONDITIONS = "DEBUG $(inherited)";
				SWIFT_OPTIMIZATION_LEVEL = "-Onone";
			};
			name = Debug;
		};
		E80000006B0000000000004 /* Release */ = {
			isa = XCBuildConfiguration;
			baseConfigurationReference = 3F8478682F4A7989002553A2 /* Config.xcconfig */;
			buildSettings = {
				ALWAYS_SEARCH_USER_PATHS = NO;
				ASSETCATALOG_COMPILER_GENERATE_SWIFT_ASSET_SYMBOL_EXTENSIONS = YES;
				CLANG_ANALYZER_NONNULL = YES;
				CLANG_ANALYZER_NUMBER_OBJECT_CONVERSION = YES_AGGRESSIVE;
				CLANG_CXX_LANGUAGE_STANDARD = "gnu++20";
				CLANG_ENABLE_MODULES = YES;
				CLANG_ENABLE_OBJC_ARC = YES;
				CLANG_ENABLE_OBJC_WEAK = YES;
				CLANG_WARN_BLOCK_CAPTURE_AUTORELEASING = YES;
				CLANG_WARN_BOOL_CONVERSION = YES;
				CLANG_WARN_COMMA = YES;
				CLANG_WARN_CONSTANT_CONVERSION = YES;
				CLANG_WARN_DEPRECATED_OBJC_IMPLEMENTATIONS = YES;
				CLANG_WARN_DIRECT_OBJC_ISA_USAGE = YES_ERROR;
				CLANG_WARN_DOCUMENTATION_COMMENTS = YES;
				CLANG_WARN_EMPTY_BODY = YES;
				CLANG_WARN_ENUM_CONVERSION = YES;
				CLANG_WARN_INFINITE_RECURSION = YES;
				CLANG_WARN_INT_CONVERSION = YES;
				CLANG_WARN_NON_LITERAL_NULL_CONVERSION = YES;
				CLANG_WARN_OBJC_IMPLICIT_RETAIN_SELF = YES;
				CLANG_WARN_OBJC_LITERAL_CONVERSION = YES;
				CLANG_WARN_OBJC_ROOT_CLASS = YES_ERROR;
				CLANG_WARN_QUOTED_INCLUDE_IN_FRAMEWORK_HEADER = YES;
				CLANG_WARN_RANGE_LOOP_ANALYSIS = YES;
				CLANG_WARN_STRICT_PROTOTYPES = YES;
				CLANG_WARN_SUSPICIOUS_MOVE = YES;
				CLANG_WARN_UNGUARDED_AVAILABILITY = YES_AGGRESSIVE;
				CLANG_WARN_UNREACHABLE_CODE = YES;
				CLANG_WARN__DUPLICATE_METHOD_MATCH = YES;
				COPY_PHASE_STRIP = NO;
				DEBUG_INFORMATION_FORMAT = "dwarf-with-dsym";
				DEVELOPMENT_TEAM = T797L7ZU53;
				ENABLE_NS_ASSERTIONS = NO;
				ENABLE_STRICT_OBJC_MSGSEND = YES;
				ENABLE_USER_SCRIPT_SANDBOXING = YES;
				GCC_C_LANGUAGE_STANDARD = gnu17;
				GCC_NO_COMMON_BLOCKS = YES;
				GCC_WARN_64_TO_32_BIT_CONVERSION = YES;
				GCC_WARN_ABOUT_RETURN_TYPE = YES_ERROR;
				GCC_WARN_UNDECLARED_SELECTOR = YES;
				GCC_WARN_UNINITIALIZED_AUTOS = YES_AGGRESSIVE;
				GCC_WARN_UNUSED_FUNCTION = YES;
				GCC_WARN_UNUSED_VARIABLE = YES;
				IPHONEOS_DEPLOYMENT_TARGET = 17.0;
				LOCALIZATION_PREFERS_STRING_CATALOGS = YES;
				MTL_ENABLE_DEBUG_INFO = NO;
				MTL_FAST_MATH = YES;
				SDKROOT = iphoneos;
				STRING_CATALOG_GENERATE_SYMBOLS = YES;
				SWIFT_COMPILATION_MODE = wholemodule;
				VALIDATE_PRODUCT = YES;
			};
			name = Release;
		};
		E80000006B0000000000005 /* Debug */ = {
			isa = XCBuildConfiguration;
			baseConfigurationReference = 3F8478682F4A7989002553A2 /* Config.xcconfig */;
			buildSettings = {
				ASSETCATALOG_COMPILER_APPICON_NAME = AppIcon;
				ASSETCATALOG_COMPILER_GLOBAL_ACCENT_COLOR_NAME = AccentColor;
				CODE_SIGN_ENTITLEMENTS = HyggeDash/HyggeDash.entitlements;
				CODE_SIGN_STYLE = Automatic;
				CURRENT_PROJECT_VERSION = 1;
				DEVELOPMENT_ASSET_PATHS = "\"HyggeDash/Preview Content\"";
				ENABLE_PREVIEWS = YES;
				GENERATE_INFOPLIST_FILE = YES;
				INFOPLIST_FILE = HyggeDash/Info.plist;
				INFOPLIST_KEY_NSHomeKitUsageDescription = "HyggeDash needs access to HomeKit to control your smart home devices and scenes.";
				INFOPLIST_KEY_UIApplicationSceneManifest_Generation = YES;
				INFOPLIST_KEY_UIApplicationSupportsIndirectInputEvents = YES;
				INFOPLIST_KEY_UILaunchScreen_Generation = YES;
				INFOPLIST_KEY_UISupportedInterfaceOrientations = "UIInterfaceOrientationLandscapeLeft UIInterfaceOrientationLandscapeRight UIInterfaceOrientationPortrait UIInterfaceOrientationPortraitUpsideDown";
				LD_RUNPATH_SEARCH_PATHS = (
					"$(inherited)",
					"@executable_path/Frameworks",
				);
				MARKETING_VERSION = 1.0;
				PRODUCT_BUNDLE_IDENTIFIER = com.hyggedash.app;
				PRODUCT_NAME = "$(TARGET_NAME)";
				SUPPORTED_PLATFORMS = "iphoneos iphonesimulator";
				SUPPORTS_MACCATALYST = NO;
				SUPPORTS_XR_DESIGNED_FOR_IPHONE_IPAD = NO;
				SWIFT_EMIT_LOC_STRINGS = YES;
				SWIFT_VERSION = 5.0;
				TARGETED_DEVICE_FAMILY = 2;
			};
			name = Debug;
		};
		E80000006B0000000000006 /* Release */ = {
			isa = XCBuildConfiguration;
			baseConfigurationReference = 3F8478682F4A7989002553A2 /* Config.xcconfig */;
			buildSettings = {
				ASSETCATALOG_COMPILER_APPICON_NAME = AppIcon;
				ASSETCATALOG_COMPILER_GLOBAL_ACCENT_COLOR_NAME = AccentColor;
				CODE_SIGN_ENTITLEMENTS = HyggeDash/HyggeDash.entitlements;
				CODE_SIGN_STYLE = Automatic;
				CURRENT_PROJECT_VERSION = 1;
				DEVELOPMENT_ASSET_PATHS = "\"HyggeDash/Preview Content\"";
				ENABLE_PREVIEWS = YES;
				GENERATE_INFOPLIST_FILE = YES;
				INFOPLIST_FILE = HyggeDash/Info.plist;
				INFOPLIST_KEY_NSHomeKitUsageDescription = "HyggeDash needs access to HomeKit to control your smart home devices and scenes.";
				INFOPLIST_KEY_UIApplicationSceneManifest_Generation = YES;
				INFOPLIST_KEY_UIApplicationSupportsIndirectInputEvents = YES;
				INFOPLIST_KEY_UILaunchScreen_Generation = YES;
				INFOPLIST_KEY_UISupportedInterfaceOrientations = "UIInterfaceOrientationLandscapeLeft UIInterfaceOrientationLandscapeRight UIInterfaceOrientationPortrait UIInterfaceOrientationPortraitUpsideDown";
				LD_RUNPATH_SEARCH_PATHS = (
					"$(inherited)",
					"@executable_path/Frameworks",
				);
				MARKETING_VERSION = 1.0;
				PRODUCT_BUNDLE_IDENTIFIER = com.hyggedash.app;
				PRODUCT_NAME = "$(TARGET_NAME)";
				SUPPORTED_PLATFORMS = "iphoneos iphonesimulator";
				SUPPORTS_MACCATALYST = NO;
				SUPPORTS_XR_DESIGNED_FOR_IPHONE_IPAD = NO;
				SWIFT_EMIT_LOC_STRINGS = YES;
				SWIFT_VERSION = 5.0;
				TARGETED_DEVICE_FAMILY = 2;
			};
			name = Release;
		};
/* End XCBuildConfiguration section */

/* Begin XCConfigurationList section */
		3F8478822F4AC077002553A2 /* Build configuration list for PBXNativeTarget "ShareExtension" */ = {
			isa = XCConfigurationList;
			buildConfigurations = (
				3F8478832F4AC077002553A2 /* Debug */,
				3F8478842F4AC077002553A2 /* Release */,
			);
			defaultConfigurationIsVisible = 0;
			defaultConfigurationName = Release;
		};
		E80000006B0000000000001 /* Build configuration list for PBXProject "HyggeDash" */ = {
			isa = XCConfigurationList;
			buildConfigurations = (
				E80000006B0000000000002 /* Debug */,
				E80000006B0000000000004 /* Release */,
			);
			defaultConfigurationIsVisible = 0;
			defaultConfigurationName = Release;
		};
		E80000006B0000000000003 /* Build configuration list for PBXNativeTarget "HyggeDash" */ = {
			isa = XCConfigurationList;
			buildConfigurations = (
				E80000006B0000000000005 /* Debug */,
				E80000006B0000000000006 /* Release */,
			);
			defaultConfigurationIsVisible = 0;
			defaultConfigurationName = Release;
		};
/* End XCConfigurationList section */
	};
	rootObject = E80000007B0000000000001 /* Project object */;
}
